
Microsoft Visual Studio Solution File, Format Version 12.00
Project("{FAE04EC0-301F-11D3-BF4B-00C04F79EFBC}") = "PortalVagas", "PortalVagas\PortalVagas.csproj", "{375A8F27-CC6D-4541-A858-554F2B8B5C48}"
EndProject
Project("{FAE04EC0-301F-11D3-BF4B-00C04F79EFBC}") = "PortalVagas.Tests", "PortalVagas.Tests\PortalVagas.Tests.csproj", "{70128BE0-FAAD-44D3-9C26-035F89125E08}"
EndProject
Global
	GlobalSection(SolutionConfigurationPlatforms) = preSolution
		Debug|Any CPU = Debug|Any CPU
		Release|Any CPU = Release|Any CPU
	EndGlobalSection
	GlobalSection(ProjectConfigurationPlatforms) = postSolution
		{375A8F27-CC6D-4541-A858-554F2B8B5C48}.Debug|Any CPU.ActiveCfg = Debug|Any CPU
		{375A8F27-CC6D-4541-A858-554F2B8B5C48}.Debug|Any CPU.Build.0 = Debug|Any CPU
		{375A8F27-CC6D-4541-A858-554F2B8B5C48}.Release|Any CPU.ActiveCfg = Release|Any CPU
		{375A8F27-CC6D-4541-A858-554F2B8B5C48}.Release|Any CPU.Build.0 = Release|Any CPU
		{70128BE0-FAAD-44D3-9C26-035F89125E08}.Debug|Any CPU.ActiveCfg = Debug|Any CPU
		{70128BE0-FAAD-44D3-9C26-035F89125E08}.Debug|Any CPU.Build.0 = Debug|Any CPU
		{70128BE0-FAAD-44D3-9C26-035F89125E08}.Release|Any CPU.ActiveCfg = Release|Any CPU
		{70128BE0-FAAD-44D3-9C26-035F89125E08}.Release|Any CPU.Build.0 = Release|Any CPU
	EndGlobalSection
EndGlobal
